<?xml version="1.0" encoding="UTF-8" standalone="yes" ?>
<CodeBlocks_project_file>
	<FileVersion major="1" minor="6" />
	<Project>
		<Option title="Juego_Volcan" />
		<Option pch_mode="2" />
		<Option compiler="gcc" />
		<Build>
			<Target title="Debug">
				<Option output="bin/Debug/Juego_Volcan" prefix_auto="1" extension_auto="1" />
				<Option object_output="obj/Debug/" />
				<Option type="1" />
				<Option compiler="gcc" />
				<Compiler>
					<Add option="-g" />
				</Compiler>
				<Linker>
					<Add library="ws2_32" />
				</Linker>
			</Target>
			<Target title="Release">
				<Option output="bin/Release/Juego_Volcan" prefix_auto="1" extension_auto="1" />
				<Option object_output="obj/Release/" />
				<Option type="1" />
				<Option compiler="gcc" />
				<Compiler>
					<Add option="-O2" />
				</Compiler>
				<Linker>
					<Add option="-s" />
				</Linker>
			</Target>
		</Build>
		<Compiler>
			<Add option="-Wall" />
		</Compiler>
		<Unit filename="../Config/Configuracion.c">
			<Option compilerVar="CC" />
		</Unit>
		<Unit filename="../Config/Configuracion.h" />
		<Unit filename="../Primitivas/Arbol_Binario.c">
			<Option compilerVar="CC" />
		</Unit>
		<Unit filename="../Primitivas/Arbol_Binario.h" />
		<Unit filename="../Primitivas/Arbol_N_ario.c">
			<Option compilerVar="CC" />
		</Unit>
		<Unit filename="../Primitivas/Arbol_N_ario.h" />
		<Unit filename="../Primitivas/Cola.c">
			<Option compilerVar="CC" />
		</Unit>
		<Unit filename="../Primitivas/Cola.h" />
		<Unit filename="../Primitivas/Lista.c">
			<Option compilerVar="CC" />
		</Unit>
		<Unit filename="../Primitivas/Lista.h" />
		<Unit filename="../Servidor/Servidor.c">
			<Option compilerVar="CC" />
		</Unit>
		<Unit filename="../Servidor/Servidor.h" />
		<Unit filename="Criatura.c">
			<Option compilerVar="CC" />
		</Unit>
		<Unit filename="Criatura.h" />
		<Unit filename="Juego.c">
			<Option compilerVar="CC" />
		</Unit>
		<Unit filename="Juego.h" />
		<Unit filename="Usuario.c">
			<Option compilerVar="CC" />
		</Unit>
		<Unit filename="Usuario.h" />
		<Unit filename="Volcan.c">
			<Option compilerVar="CC" />
		</Unit>
		<Unit filename="Volcan.h" />
		<Unit filename="main.c">
			<Option compilerVar="CC" />
		</Unit>
		<Extensions />
	</Project>
</CodeBlocks_project_file>
